
Microsoft Visual Studio Solution File, Format Version 12.00
# Visual Studio 15
VisualStudioVersion = 15.0.27428.2027
MinimumVisualStudioVersion = 10.0.40219.1
Project("{9A19103F-16F7-4668-BE54-9A1E7A4F7556}") = "ErpServer", "ErpServer\ErpServer.csproj", "{66BE73F2-71CC-4B5B-AC01-FE924EFA2D94}"
EndProject
Global
	GlobalSection(SolutionConfigurationPlatforms) = preSolution
		Debug|Any CPU = Debug|Any CPU
		Release|Any CPU = Release|Any CPU
	EndGlobalSection
	GlobalSection(ProjectConfigurationPlatforms) = postSolution
		{66BE73F2-71CC-4B5B-AC01-FE924EFA2D94}.Debug|Any CPU.ActiveCfg = Debug|Any CPU
		{66BE73F2-71CC-4B5B-AC01-FE924EFA2D94}.Debug|Any CPU.Build.0 = Debug|Any CPU
		{66BE73F2-71CC-4B5B-AC01-FE924EFA2D94}.Release|Any CPU.ActiveCfg = Release|Any CPU
		{66BE73F2-71CC-4B5B-AC01-FE924EFA2D94}.Release|Any CPU.Build.0 = Release|Any CPU
	EndGlobalSection
	GlobalSection(SolutionProperties) = preSolution
		HideSolutionNode = FALSE
	EndGlobalSection
	GlobalSection(ExtensibilityGlobals) = postSolution
		SolutionGuid = {98C2797C-681B-45B4-88CD-0695867EABF9}
	EndGlobalSection
EndGlobal
